
Microsoft Visual Studio Solution File, Format Version 12.00
# Visual Studio 15
VisualStudioVersion = 15.0.28307.779
MinimumVisualStudioVersion = 10.0.40219.1
Project("{2150E333-8FDC-42A3-9474-1A3956D46DE8}") = "Solution Items", "Solution Items", "{EA213E25-FFC4-4B7D-B671-77EAEA15BCCF}"
	ProjectSection(SolutionItems) = preProject
		appveyor.yml = appveyor.yml
		CodeCoverage.runsettings = CodeCoverage.runsettings
		Graph1.dgml = Graph1.dgml
		README.md = README.md
	EndProjectSection
EndProject
Project("{FAE04EC0-301F-11D3-BF4B-00C04F79EFBC}") = "SWapi-CSharp", "SWapi-CSharp\SWapi-CSharp.csproj", "{CDCDE2C9-059D-4DA4-8B17-1F3142857F6C}"
EndProject
Project("{FAE04EC0-301F-11D3-BF4B-00C04F79EFBC}") = "TheForce", "Example\TheForce.csproj", "{81247013-D0DC-417B-BD04-91FA27B93F80}"
EndProject
Project("{FAE04EC0-301F-11D3-BF4B-00C04F79EFBC}") = "SWapi-CSharpTests", "SWapi-CSharpTests\SWapi-CSharpTests.csproj", "{3DE0C114-BC9E-4729-AF9E-C5CD1DCD028F}"
EndProject
Project("{9A19103F-16F7-4668-BE54-9A1E7A4F7556}") = "Execução do Teste", "Execução do Teste\Execução do Teste.csproj", "{69488CC3-CE64-47B5-8646-6A7D50B85D22}"
EndProject
Global
	GlobalSection(SolutionConfigurationPlatforms) = preSolution
		Debug|Any CPU = Debug|Any CPU
		Release|Any CPU = Release|Any CPU
	EndGlobalSection
	GlobalSection(ProjectConfigurationPlatforms) = postSolution
		{CDCDE2C9-059D-4DA4-8B17-1F3142857F6C}.Debug|Any CPU.ActiveCfg = Debug|Any CPU
		{CDCDE2C9-059D-4DA4-8B17-1F3142857F6C}.Debug|Any CPU.Build.0 = Debug|Any CPU
		{CDCDE2C9-059D-4DA4-8B17-1F3142857F6C}.Release|Any CPU.ActiveCfg = Release|Any CPU
		{CDCDE2C9-059D-4DA4-8B17-1F3142857F6C}.Release|Any CPU.Build.0 = Release|Any CPU
		{81247013-D0DC-417B-BD04-91FA27B93F80}.Debug|Any CPU.ActiveCfg = Debug|Any CPU
		{81247013-D0DC-417B-BD04-91FA27B93F80}.Debug|Any CPU.Build.0 = Debug|Any CPU
		{81247013-D0DC-417B-BD04-91FA27B93F80}.Release|Any CPU.ActiveCfg = Release|Any CPU
		{81247013-D0DC-417B-BD04-91FA27B93F80}.Release|Any CPU.Build.0 = Release|Any CPU
		{3DE0C114-BC9E-4729-AF9E-C5CD1DCD028F}.Debug|Any CPU.ActiveCfg = Release|Any CPU
		{3DE0C114-BC9E-4729-AF9E-C5CD1DCD028F}.Debug|Any CPU.Build.0 = Release|Any CPU
		{3DE0C114-BC9E-4729-AF9E-C5CD1DCD028F}.Release|Any CPU.ActiveCfg = Release|Any CPU
		{3DE0C114-BC9E-4729-AF9E-C5CD1DCD028F}.Release|Any CPU.Build.0 = Release|Any CPU
		{69488CC3-CE64-47B5-8646-6A7D50B85D22}.Debug|Any CPU.ActiveCfg = Debug|Any CPU
		{69488CC3-CE64-47B5-8646-6A7D50B85D22}.Debug|Any CPU.Build.0 = Debug|Any CPU
		{69488CC3-CE64-47B5-8646-6A7D50B85D22}.Release|Any CPU.ActiveCfg = Release|Any CPU
		{69488CC3-CE64-47B5-8646-6A7D50B85D22}.Release|Any CPU.Build.0 = Release|Any CPU
	EndGlobalSection
	GlobalSection(SolutionProperties) = preSolution
		HideSolutionNode = FALSE
	EndGlobalSection
	GlobalSection(ExtensibilityGlobals) = postSolution
		SolutionGuid = {191B6FBB-8632-485A-8DB9-F54095809317}
	EndGlobalSection
EndGlobal
